# This file is automatically @generated by Poetry 1.7.1 and should not be changed by hand.

[[package]]
name = "nonstring"
version = "0.1.0"
description = ""
optional = false
python-versions = "<4.0,>=3.10"
files = [
    {file = "nonstring-0.1.0-py3-none-any.whl", hash = "sha256:ba2db9939815d4779adec9cdb5d6ea2182492724d5df9d1d5c8952da7d56becb"},
    {file = "nonstring-0.1.0.tar.gz", hash = "sha256:ea51bb2bce4544e73f8330ed33fca58c00ce8fc4170109e3ef75ceca6285fb65"},
]

[metadata]
lock-version = "2.0"
python-versions = "^3.10"
content-hash = "19b11a2c6b5403e86e4aa7c2b8924b17635b2375d1673059d614c2621ce4773a"
